// !$*UTF8*$!
{
	archiveVersion = 1;
	classes = {
	};
	objectVersion = 56;
	objects = {

/* Begin PBXBuildFile section */
		EA8962012CB894A7000E4F15 /* MovieCollectionApp.swift in Sources */ = {isa = PBXBuildFile; fileRef = EA8962002CB894A7000E4F15 /* MovieCollectionApp.swift */; };
		EA8962032CB894A7000E4F15 /* ContentView.swift in Sources */ = {isa = PBXBuildFile; fileRef = EA8962022CB894A7000E4F15 /* ContentView.swift */; };
		EA8962052CB894A9000E4F15 /* Assets.xcassets in Resources */ = {isa = PBXBuildFile; fileRef = EA8962042CB894A9000E4F15 /* Assets.xcassets */; };
		EA8962082CB894A9000E4F15 /* Preview Assets.xcassets in Resources */ = {isa = PBXBuildFile; fileRef = EA8962072CB894A9000E4F15 /* Preview Assets.xcassets */; };
		EA8962122CB894A9000E4F15 /* MovieCollectionTests.swift in Sources */ = {isa = PBXBuildFile; fileRef = EA8962112CB894A9000E4F15 /* MovieCollectionTests.swift */; };
		EA89621C2CB894A9000E4F15 /* MovieCollectionUITests.swift in Sources */ = {isa = PBXBuildFile; fileRef = EA89621B2CB894A9000E4F15 /* MovieCollectionUITests.swift */; };
		EA89621E2CB894A9000E4F15 /* MovieCollectionUITestsLaunchTests.swift in Sources */ = {isa = PBXBuildFile; fileRef = EA89621D2CB894A9000E4F15 /* MovieCollectionUITestsLaunchTests.swift */; };
/* End PBXBuildFile section */

/* Begin PBXContainerItemProxy section */
		EA89620E2CB894A9000E4F15 /* PBXContainerItemProxy */ = {
			isa = PBXContainerItemProxy;
			containerPortal = EA8961F52CB894A7000E4F15 /* Project object */;
			proxyType = 1;
			remoteGlobalIDString = EA8961FC2CB894A7000E4F15;
			remoteInfo = MovieCollection;
		};
		EA8962182CB894A9000E4F15 /* PBXContainerItemProxy */ = {
			isa = PBXContainerItemProxy;
			containerPortal = EA8961F52CB894A7000E4F15 /* Project object */;
			proxyType = 1;
			remoteGlobalIDString = EA8961FC2CB894A7000E4F15;
			remoteInfo = MovieCollection;
		};
/* End PBXContainerItemProxy section */

/* Begin PBXFileReference section */
		EA8961FD2CB894A7000E4F15 /* MovieCollection.app */ = {isa = PBXFileReference; explicitFileType = wrapper.application; includeInIndex = 0; path = MovieCollection.app; sourceTree = BUILT_PRODUCTS_DIR; };
		EA8962002CB894A7000E4F15 /* MovieCollectionApp.swift */ = {isa = PBXFileReference; lastKnownFileType = sourcecode.swift; path = MovieCollectionApp.swift; sourceTree = "<group>"; };
		EA8962022CB894A7000E4F15 /* ContentView.swift */ = {isa = PBXFileReference; lastKnownFileType = sourcecode.swift; path = ContentView.swift; sourceTree = "<group>"; };
		EA8962042CB894A9000E4F15 /* Assets.xcassets */ = {isa = PBXFileReference; lastKnownFileType = folder.assetcatalog; path = Assets.xcassets; sourceTree = "<group>"; };
		EA8962072CB894A9000E4F15 /* Preview Assets.xcassets */ = {isa = PBXFileReference; lastKnownFileType = folder.assetcatalog; path = "Preview Assets.xcassets"; sourceTree = "<group>"; };
		EA89620D2CB894A9000E4F15 /* MovieCollectionTests.xctest */ = {isa = PBXFileReference; explicitFileType = wrapper.cfbundle; includeInIndex = 0; path = MovieCollectionTests.xctest; sourceTree = BUILT_PRODUCTS_DIR; };
		EA8962112CB894A9000E4F15 /* MovieCollectionTests.swift */ = {isa = PBXFileReference; lastKnownFileType = sourcecode.swift; path = MovieCollectionTests.swift; sourceTree = "<group>"; };
		EA8962172CB894A9000E4F15 /* MovieCollectionUITests.xctest */ = {isa = PBXFileReference; explicitFileType = wrapper.cfbundle; includeInIndex = 0; path = MovieCollectionUITests.xctest; sourceTree = BUILT_PRODUCTS_DIR; };
		EA89621B2CB894A9000E4F15 /* MovieCollectionUITests.swift */ = {isa = PBXFileReference; lastKnownFileType = sourcecode.swift; path = MovieCollectionUITests.swift; sourceTree = "<group>"; };
		EA89621D2CB894A9000E4F15 /* MovieCollectionUITestsLaunchTests.swift */ = {isa = PBXFileReference; lastKnownFileType = sourcecode.swift; path = MovieCollectionUITestsLaunchTests.swift; sourceTree = "<group>"; };
/* End PBXFileReference section */

/* Begin PBXFrameworksBuildPhase section */
		EA8961FA2CB894A7000E4F15 /* Frameworks */ = {
			isa = PBXFrameworksBuildPhase;
			buildActionMask = 2147483647;
			files = (
			);
			runOnlyForDeploymentPostprocessing = 0;
		};
		EA89620A2CB894A9000E4F15 /* Frameworks */ = {
			isa = PBXFrameworksBuildPhase;
			buildActionMask = 2147483647;
			files = (
			);
			runOnlyForDeploymentPostprocessing = 0;
		};
		EA8962142CB894A9000E4F15 /* Frameworks */ = {
			isa = PBXFrameworksBuildPhase;
			buildActionMask = 2147483647;
			files = (
			);
			runOnlyForDeploymentPostprocessing = 0;
		};
/* End PBXFrameworksBuildPhase section */

/* Begin PBXGroup section */
		EA8961F42CB894A7000E4F15 = {
			isa = PBXGroup;
			children = (
				EA8961FF2CB894A7000E4F15 /* MovieCollection */,
				EA8962102CB894A9000E4F15 /* MovieCollectionTests */,
				EA89621A2CB894A9000E4F15 /* MovieCollectionUITests */,
				EA8961FE2CB894A7000E4F15 /* Products */,
			);
			sourceTree = "<group>";
		};
		EA8961FE2CB894A7000E4F15 /* Products */ = {
			isa = PBXGroup;
			children = (
				EA8961FD2CB894A7000E4F15 /* MovieCollection.app */,
				EA89620D2CB894A9000E4F15 /* MovieCollectionTests.xctest */,
				EA8962172CB894A9000E4F15 /* MovieCollectionUITests.xctest */,
			);
			name = Products;
			sourceTree = "<group>";
		};
		EA8961FF2CB894A7000E4F15 /* MovieCollection */ = {
			isa = PBXGroup;
			children = (
				EA8962002CB894A7000E4F15 /* MovieCollectionApp.swift */,
				EA8962022CB894A7000E4F15 /* ContentView.swift */,
				EA8962042CB894A9000E4F15 /* Assets.xcassets */,
				EA8962062CB894A9000E4F15 /* Preview Content */,
			);
			path = MovieCollection;
			sourceTree = "<group>";
		};
		EA8962062CB894A9000E4F15 /* Preview Content */ = {
			isa = PBXGroup;
			children = (
				EA8962072CB894A9000E4F15 /* Preview Assets.xcassets */,
			);
			path = "Preview Content";
			sourceTree = "<group>";
		};
		EA8962102CB894A9000E4F15 /* MovieCollectionTests */ = {
			isa = PBXGroup;
			children = (
				EA8962112CB894A9000E4F15 /* MovieCollectionTests.swift */,
			);
			path = MovieCollectionTests;
			sourceTree = "<group>";
		};
		EA89621A2CB894A9000E4F15 /* MovieCollectionUITests */ = {
			isa = PBXGroup;
			children = (
				EA89621B2CB894A9000E4F15 /* MovieCollectionUITests.swift */,
				EA89621D2CB894A9000E4F15 /* MovieCollectionUITestsLaunchTests.swift */,
			);
			path = MovieCollectionUITests;
			sourceTree = "<group>";
		};
/* End PBXGroup section */

/* Begin PBXNativeTarget section */
		EA8961FC2CB894A7000E4F15 /* MovieCollection */ = {
			isa = PBXNativeTarget;
			buildConfigurationList = EA8962212CB894A9000E4F15 /* Build configuration list for PBXNativeTarget "MovieCollection" */;
			buildPhases = (
				EA8961F92CB894A7000E4F15 /* Sources */,
				EA8961FA2CB894A7000E4F15 /* Frameworks */,
				EA8961FB2CB894A7000E4F15 /* Resources */,
			);
			buildRules = (
			);
			dependencies = (
			);
			name = MovieCollection;
			productName = MovieCollection;
			productReference = EA8961FD2CB894A7000E4F15 /* MovieCollection.app */;
			productType = "com.apple.product-type.application";
		};
		EA89620C2CB894A9000E4F15 /* MovieCollectionTests */ = {
			isa = PBXNativeTarget;
			buildConfigurationList = EA8962242CB894A9000E4F15 /* Build configuration list for PBXNativeTarget "MovieCollectionTests" */;
			buildPhases = (
				EA8962092CB894A9000E4F15 /* Sources */,
				EA89620A2CB894A9000E4F15 /* Frameworks */,
				EA89620B2CB894A9000E4F15 /* Resources */,
			);
			buildRules = (
			);
			dependencies = (
				EA89620F2CB894A9000E4F15 /* PBXTargetDependency */,
			);
			name = MovieCollectionTests;
			productName = MovieCollectionTests;
			productReference = EA89620D2CB894A9000E4F15 /* MovieCollectionTests.xctest */;
			productType = "com.apple.product-type.bundle.unit-test";
		};
		EA8962162CB894A9000E4F15 /* MovieCollectionUITests */ = {
			isa = PBXNativeTarget;
			buildConfigurationList = EA8962272CB894A9000E4F15 /* Build configuration list for PBXNativeTarget "MovieCollectionUITests" */;
			buildPhases = (
				EA8962132CB894A9000E4F15 /* Sources */,
				EA8962142CB894A9000E4F15 /* Frameworks */,
				EA8962152CB894A9000E4F15 /* Resources */,
			);
			buildRules = (
			);
			dependencies = (
				EA8962192CB894A9000E4F15 /* PBXTargetDependency */,
			);
			name = MovieCollectionUITests;
			productName = MovieCollectionUITests;
			productReference = EA8962172CB894A9000E4F15 /* MovieCollectionUITests.xctest */;
			productType = "com.apple.product-type.bundle.ui-testing";
		};
/* End PBXNativeTarget section */

/* Begin PBXProject section */
		EA8961F52CB894A7000E4F15 /* Project object */ = {
			isa = PBXProject;
			attributes = {
				BuildIndependentTargetsInParallel = 1;
				LastSwiftUpdateCheck = 1540;
				LastUpgradeCheck = 1540;
				TargetAttributes = {
					EA8961FC2CB894A7000E4F15 = {
						CreatedOnToolsVersion = 15.4;
					};
					EA89620C2CB894A9000E4F15 = {
						CreatedOnToolsVersion = 15.4;
						TestTargetID = EA8961FC2CB894A7000E4F15;
					};
					EA8962162CB894A9000E4F15 = {
						CreatedOnToolsVersion = 15.4;
						TestTargetID = EA8961FC2CB894A7000E4F15;
					};
				};
			};
			buildConfigurationList = EA8961F82CB894A7000E4F15 /* Build configuration list for PBXProject "MovieCollection" */;
			compatibilityVersion = "Xcode 14.0";
			developmentRegion = en;
			hasScannedForEncodings = 0;
			knownRegions = (
				en,
				Base,
			);
			mainGroup = EA8961F42CB894A7000E4F15;
			productRefGroup = EA8961FE2CB894A7000E4F15 /* Products */;
			projectDirPath = "";
			projectRoot = "";
			targets = (
				EA8961FC2CB894A7000E4F15 /* MovieCollection */,
				EA89620C2CB894A9000E4F15 /* MovieCollectionTests */,
				EA8962162CB894A9000E4F15 /* MovieCollectionUITests */,
			);
		};
/* End PBXProject section */

/* Begin PBXResourcesBuildPhase section */
		EA8961FB2CB894A7000E4F15 /* Resources */ = {
			isa = PBXResourcesBuildPhase;
			buildActionMask = 2147483647;
			files = (
				EA8962082CB894A9000E4F15 /* Preview Assets.xcassets in Resources */,
				EA8962052CB894A9000E4F15 /* Assets.xcassets in Resources */,
			);
			runOnlyForDeploymentPostprocessing = 0;
		};
		EA89620B2CB894A9000E4F15 /* Resources */ = {
			isa = PBXResourcesBuildPhase;
			buildActionMask = 2147483647;
			files = (
			);
			runOnlyForDeploymentPostprocessing = 0;
		};
		EA8962152CB894A9000E4F15 /* Resources */ = {
			isa = PBXResourcesBuildPhase;
			buildActionMask = 2147483647;
			files = (
			);
			runOnlyForDeploymentPostprocessing = 0;
		};
/* End PBXResourcesBuildPhase section */

/* Begin PBXSourcesBuildPhase section */
		EA8961F92CB894A7000E4F15 /* Sources */ = {
			isa = PBXSourcesBuildPhase;
			buildActionMask = 2147483647;
			files = (
				EA8962032CB894A7000E4F15 /* ContentView.swift in Sources */,
				EA8962012CB894A7000E4F15 /* MovieCollectionApp.swift in Sources */,
			);
			runOnlyForDeploymentPostprocessing = 0;
		};
		EA8962092CB894A9000E4F15 /* Sources */ = {
			isa = PBXSourcesBuildPhase;
			buildActionMask = 2147483647;
			files = (
				EA8962122CB894A9000E4F15 /* MovieCollectionTests.swift in Sources */,
			);
			runOnlyForDeploymentPostprocessing = 0;
		};
		EA8962132CB894A9000E4F15 /* Sources */ = {
			isa = PBXSourcesBuildPhase;
			buildActionMask = 2147483647;
			files = (
				EA89621C2CB894A9000E4F15 /* MovieCollectionUITests.swift in Sources */,
				EA89621E2CB894A9000E4F15 /* MovieCollectionUITestsLaunchTests.swift in Sources */,
			);
			runOnlyForDeploymentPostprocessing = 0;
		};
/* End PBXSourcesBuildPhase section */

/* Begin PBXTargetDependency section */
		EA89620F2CB894A9000E4F15 /* PBXTargetDependency */ = {
			isa = PBXTargetDependency;
			target = EA8961FC2CB894A7000E4F15 /* MovieCollection */;
			targetProxy = EA89620E2CB894A9000E4F15 /* PBXContainerItemProxy */;
		};
		EA8962192CB894A9000E4F15 /* PBXTargetDependency */ = {
			isa = PBXTargetDependency;
			target = EA8961FC2CB894A7000E4F15 /* MovieCollection */;
			targetProxy = EA8962182CB894A9000E4F15 /* PBXContainerItemProxy */;
		};
/* End PBXTargetDependency section */

/* Begin XCBuildConfiguration section */
		EA89621F2CB894A9000E4F15 /* Debug */ = {
			isa = XCBuildConfiguration;
			buildSettings = {
				ALWAYS_SEARCH_USER_PATHS = NO;
				ASSETCATALOG_COMPILER_GENERATE_SWIFT_ASSET_SYMBOL_EXTENSIONS = YES;
				CLANG_ANALYZER_NONNULL = YES;
				CLANG_ANALYZER_NUMBER_OBJECT_CONVERSION = YES_AGGRESSIVE;
				CLANG_CXX_LANGUAGE_STANDARD = "gnu++20";
				CLANG_ENABLE_MODULES = YES;
				CLANG_ENABLE_OBJC_ARC = YES;
				CLANG_ENABLE_OBJC_WEAK = YES;
				CLANG_WARN_BLOCK_CAPTURE_AUTORELEASING = YES;
				CLANG_WARN_BOOL_CONVERSION = YES;
				CLANG_WARN_COMMA = YES;
				CLANG_WARN_CONSTANT_CONVERSION = YES;
				CLANG_WARN_DEPRECATED_OBJC_IMPLEMENTATIONS = YES;
				CLANG_WARN_DIRECT_OBJC_ISA_USAGE = YES_ERROR;
				CLANG_WARN_DOCUMENTATION_COMMENTS = YES;
				CLANG_WARN_EMPTY_BODY = YES;
				CLANG_WARN_ENUM_CONVERSION = YES;
				CLANG_WARN_INFINITE_RECURSION = YES;
				CLANG_WARN_INT_CONVERSION = YES;
				CLANG_WARN_NON_LITERAL_NULL_CONVERSION = YES;
				CLANG_WARN_OBJC_IMPLICIT_RETAIN_SELF = YES;
				CLANG_WARN_OBJC_LITERAL_CONVERSION = YES;
				CLANG_WARN_OBJC_ROOT_CLASS = YES_ERROR;
				CLANG_WARN_QUOTED_INCLUDE_IN_FRAMEWORK_HEADER = YES;
				CLANG_WARN_RANGE_LOOP_ANALYSIS = YES;
				CLANG_WARN_STRICT_PROTOTYPES = YES;
				CLANG_WARN_SUSPICIOUS_MOVE = YES;
				CLANG_WARN_UNGUARDED_AVAILABILITY = YES_AGGRESSIVE;
				CLANG_WARN_UNREACHABLE_CODE = YES;
				CLANG_WARN__DUPLICATE_METHOD_MATCH = YES;
				COPY_PHASE_STRIP = NO;
				DEBUG_INFORMATION_FORMAT = dwarf;
				ENABLE_STRICT_OBJC_MSGSEND = YES;
				ENABLE_TESTABILITY = YES;
				ENABLE_USER_SCRIPT_SANDBOXING = YES;
				GCC_C_LANGUAGE_STANDARD = gnu17;
				GCC_DYNAMIC_NO_PIC = NO;
				GCC_NO_COMMON_BLOCKS = YES;
				GCC_OPTIMIZATION_LEVEL = 0;
				GCC_PREPROCESSOR_DEFINITIONS = (
					"DEBUG=1",
					"$(inherited)",
				);
				GCC_WARN_64_TO_32_BIT_CONVERSION = YES;
				GCC_WARN_ABOUT_RETURN_TYPE = YES_ERROR;
				GCC_WARN_UNDECLARED_SELECTOR = YES;
				GCC_WARN_UNINITIALIZED_AUTOS = YES_AGGRESSIVE;
				GCC_WARN_UNUSED_FUNCTION = YES;
				GCC_WARN_UNUSED_VARIABLE = YES;
				IPHONEOS_DEPLOYMENT_TARGET = 17.5;
				LOCALIZATION_PREFERS_STRING_CATALOGS = YES;
				MTL_ENABLE_DEBUG_INFO = INCLUDE_SOURCE;
				MTL_FAST_MATH = YES;
				ONLY_ACTIVE_ARCH = YES;
				SDKROOT = iphoneos;
				SWIFT_ACTIVE_COMPILATION_CONDITIONS = "DEBUG $(inherited)";
				SWIFT_OPTIMIZATION_LEVEL = "-Onone";
			};
			name = Debug;
		};
		EA8962202CB894A9000E4F15 /* Release */ = {
			isa = XCBuildConfiguration;
			buildSettings = {
				ALWAYS_SEARCH_USER_PATHS = NO;
				ASSETCATALOG_COMPILER_GENERATE_SWIFT_ASSET_SYMBOL_EXTENSIONS = YES;
				CLANG_ANALYZER_NONNULL = YES;
				CLANG_ANALYZER_NUMBER_OBJECT_CONVERSION = YES_AGGRESSIVE;
				CLANG_CXX_LANGUAGE_STANDARD = "gnu++20";
				CLANG_ENABLE_MODULES = YES;
				CLANG_ENABLE_OBJC_ARC = YES;
				CLANG_ENABLE_OBJC_WEAK = YES;
				CLANG_WARN_BLOCK_CAPTURE_AUTORELEASING = YES;
				CLANG_WARN_BOOL_CONVERSION = YES;
				CLANG_WARN_COMMA = YES;
				CLANG_WARN_CONSTANT_CONVERSION = YES;
				CLANG_WARN_DEPRECATED_OBJC_IMPLEMENTATIONS = YES;
				CLANG_WARN_DIRECT_OBJC_ISA_USAGE = YES_ERROR;
				CLANG_WARN_DOCUMENTATION_COMMENTS = YES;
				CLANG_WARN_EMPTY_BODY = YES;
				CLANG_WARN_ENUM_CONVERSION = YES;
				CLANG_WARN_INFINITE_RECURSION = YES;
				CLANG_WARN_INT_CONVERSION = YES;
				CLANG_WARN_NON_LITERAL_NULL_CONVERSION = YES;
				CLANG_WARN_OBJC_IMPLICIT_RETAIN_SELF = YES;
				CLANG_WARN_OBJC_LITERAL_CONVERSION = YES;
				CLANG_WARN_OBJC_ROOT_CLASS = YES_ERROR;
				CLANG_WARN_QUOTED_INCLUDE_IN_FRAMEWORK_HEADER = YES;
				CLANG_WARN_RANGE_LOOP_ANALYSIS = YES;
				CLANG_WARN_STRICT_PROTOTYPES = YES;
				CLANG_WARN_SUSPICIOUS_MOVE = YES;
				CLANG_WARN_UNGUARDED_AVAILABILITY = YES_AGGRESSIVE;
				CLANG_WARN_UNREACHABLE_CODE = YES;
				CLANG_WARN__DUPLICATE_METHOD_MATCH = YES;
				COPY_PHASE_STRIP = NO;
				DEBUG_INFORMATION_FORMAT = "dwarf-with-dsym";
				ENABLE_NS_ASSERTIONS = NO;
				ENABLE_STRICT_OBJC_MSGSEND = YES;
				ENABLE_USER_SCRIPT_SANDBOXING = YES;
				GCC_C_LANGUAGE_STANDARD = gnu17;
				GCC_NO_COMMON_BLOCKS = YES;
				GCC_WARN_64_TO_32_BIT_CONVERSION = YES;
				GCC_WARN_ABOUT_RETURN_TYPE = YES_ERROR;
				GCC_WARN_UNDECLARED_SELECTOR = YES;
				GCC_WARN_UNINITIALIZED_AUTOS = YES_AGGRESSIVE;
				GCC_WARN_UNUSED_FUNCTION = YES;
				GCC_WARN_UNUSED_VARIABLE = YES;
				IPHONEOS_DEPLOYMENT_TARGET = 17.5;
				LOCALIZATION_PREFERS_STRING_CATALOGS = YES;
				MTL_ENABLE_DEBUG_INFO = NO;
				MTL_FAST_MATH = YES;
				SDKROOT = iphoneos;
				SWIFT_COMPILATION_MODE = wholemodule;
				VALIDATE_PRODUCT = YES;
			};
			name = Release;
		};
		EA8962222CB894A9000E4F15 /* Debug */ = {
			isa = XCBuildConfiguration;
			buildSettings = {
				ASSETCATALOG_COMPILER_APPICON_NAME = AppIcon;
				ASSETCATALOG_COMPILER_GLOBAL_ACCENT_COLOR_NAME = AccentColor;
				CODE_SIGN_STYLE = Automatic;
				CURRENT_PROJECT_VERSION = 1;
				DEVELOPMENT_ASSET_PATHS = "\"MovieCollection/Preview Content\"";
				DEVELOPMENT_TEAM = T6LWGN6HAV;
				ENABLE_PREVIEWS = YES;
				GENERATE_INFOPLIST_FILE = YES;
				INFOPLIST_KEY_UIApplicationSceneManifest_Generation = YES;
				INFOPLIST_KEY_UIApplicationSupportsIndirectInputEvents = YES;
				INFOPLIST_KEY_UILaunchScreen_Generation = YES;
				INFOPLIST_KEY_UISupportedInterfaceOrientations_iPad = "UIInterfaceOrientationPortrait UIInterfaceOrientationPortraitUpsideDown UIInterfaceOrientationLandscapeLeft UIInterfaceOrientationLandscapeRight";
				INFOPLIST_KEY_UISupportedInterfaceOrientations_iPhone = "UIInterfaceOrientationPortrait UIInterfaceOrientationLandscapeLeft UIInterfaceOrientationLandscapeRight";
				LD_RUNPATH_SEARCH_PATHS = (
					"$(inherited)",
					"@executable_path/Frameworks",
				);
				MARKETING_VERSION = 1.0;
				PRODUCT_BUNDLE_IDENTIFIER = mari.alvarez.MovieCollection;
				PRODUCT_NAME = "$(TARGET_NAME)";
				SWIFT_EMIT_LOC_STRINGS = YES;
				SWIFT_VERSION = 5.0;
				TARGETED_DEVICE_FAMILY = "1,2";
			};
			name = Debug;
		};
		EA8962232CB894A9000E4F15 /* Release */ = {
			isa = XCBuildConfiguration;
			buildSettings = {
				ASSETCATALOG_COMPILER_APPICON_NAME = AppIcon;
				ASSETCATALOG_COMPILER_GLOBAL_ACCENT_COLOR_NAME = AccentColor;
				CODE_SIGN_STYLE = Automatic;
				CURRENT_PROJECT_VERSION = 1;
				DEVELOPMENT_ASSET_PATHS = "\"MovieCollection/Preview Content\"";
				DEVELOPMENT_TEAM = T6LWGN6HAV;
				ENABLE_PREVIEWS = YES;
				GENERATE_INFOPLIST_FILE = YES;
				INFOPLIST_KEY_UIApplicationSceneManifest_Generation = YES;
				INFOPLIST_KEY_UIApplicationSupportsIndirectInputEvents = YES;
				INFOPLIST_KEY_UILaunchScreen_Generation = YES;
				INFOPLIST_KEY_UISupportedInterfaceOrientations_iPad = "UIInterfaceOrientationPortrait UIInterfaceOrientationPortraitUpsideDown UIInterfaceOrientationLandscapeLeft UIInterfaceOrientationLandscapeRight";
				INFOPLIST_KEY_UISupportedInterfaceOrientations_iPhone = "UIInterfaceOrientationPortrait UIInterfaceOrientationLandscapeLeft UIInterfaceOrientationLandscapeRight";
				LD_RUNPATH_SEARCH_PATHS = (
					"$(inherited)",
					"@executable_path/Frameworks",
				);
				MARKETING_VERSION = 1.0;
				PRODUCT_BUNDLE_IDENTIFIER = mari.alvarez.MovieCollection;
				PRODUCT_NAME = "$(TARGET_NAME)";
				SWIFT_EMIT_LOC_STRINGS = YES;
				SWIFT_VERSION = 5.0;
				TARGETED_DEVICE_FAMILY = "1,2";
			};
			name = Release;
		};
		EA8962252CB894A9000E4F15 /* Debug */ = {
			isa = XCBuildConfiguration;
			buildSettings = {
				ALWAYS_EMBED_SWIFT_STANDARD_LIBRARIES = YES;
				BUNDLE_LOADER = "$(TEST_HOST)";
				CODE_SIGN_STYLE = Automatic;
				CURRENT_PROJECT_VERSION = 1;
				DEVELOPMENT_TEAM = T6LWGN6HAV;
				GENERATE_INFOPLIST_FILE = YES;
				IPHONEOS_DEPLOYMENT_TARGET = 17.5;
				MARKETING_VERSION = 1.0;
				PRODUCT_BUNDLE_IDENTIFIER = mari.alvarez.MovieCollectionTests;
				PRODUCT_NAME = "$(TARGET_NAME)";
				SWIFT_EMIT_LOC_STRINGS = NO;
				SWIFT_VERSION = 5.0;
				TARGETED_DEVICE_FAMILY = "1,2";
				TEST_HOST = "$(BUILT_PRODUCTS_DIR)/MovieCollection.app/$(BUNDLE_EXECUTABLE_FOLDER_PATH)/MovieCollection";
			};
			name = Debug;
		};
		EA8962262CB894A9000E4F15 /* Release */ = {
			isa = XCBuildConfiguration;
			buildSettings = {
				ALWAYS_EMBED_SWIFT_STANDARD_LIBRARIES = YES;
				BUNDLE_LOADER = "$(TEST_HOST)";
				CODE_SIGN_STYLE = Automatic;
				CURRENT_PROJECT_VERSION = 1;
				DEVELOPMENT_TEAM = T6LWGN6HAV;
				GENERATE_INFOPLIST_FILE = YES;
				IPHONEOS_DEPLOYMENT_TARGET = 17.5;
				MARKETING_VERSION = 1.0;
				PRODUCT_BUNDLE_IDENTIFIER = mari.alvarez.MovieCollectionTests;
				PRODUCT_NAME = "$(TARGET_NAME)";
				SWIFT_EMIT_LOC_STRINGS = NO;
				SWIFT_VERSION = 5.0;
				TARGETED_DEVICE_FAMILY = "1,2";
				TEST_HOST = "$(BUILT_PRODUCTS_DIR)/MovieCollection.app/$(BUNDLE_EXECUTABLE_FOLDER_PATH)/MovieCollection";
			};
			name = Release;
		};
		EA8962282CB894A9000E4F15 /* Debug */ = {
			isa = XCBuildConfiguration;
			buildSettings = {
				ALWAYS_EMBED_SWIFT_STANDARD_LIBRARIES = YES;
				CODE_SIGN_STYLE = Automatic;
				CURRENT_PROJECT_VERSION = 1;
				DEVELOPMENT_TEAM = T6LWGN6HAV;
				GENERATE_INFOPLIST_FILE = YES;
				MARKETING_VERSION = 1.0;
				PRODUCT_BUNDLE_IDENTIFIER = mari.alvarez.MovieCollectionUITests;
				PRODUCT_NAME = "$(TARGET_NAME)";
				SWIFT_EMIT_LOC_STRINGS = NO;
				SWIFT_VERSION = 5.0;
				TARGETED_DEVICE_FAMILY = "1,2";
				TEST_TARGET_NAME = MovieCollection;
			};
			name = Debug;
		};
		EA8962292CB894A9000E4F15 /* Release */ = {
			isa = XCBuildConfiguration;
			buildSettings = {
				ALWAYS_EMBED_SWIFT_STANDARD_LIBRARIES = YES;
				CODE_SIGN_STYLE = Automatic;
				CURRENT_PROJECT_VERSION = 1;
				DEVELOPMENT_TEAM = T6LWGN6HAV;
				GENERATE_INFOPLIST_FILE = YES;
				MARKETING_VERSION = 1.0;
				PRODUCT_BUNDLE_IDENTIFIER = mari.alvarez.MovieCollectionUITests;
				PRODUCT_NAME = "$(TARGET_NAME)";
				SWIFT_EMIT_LOC_STRINGS = NO;
				SWIFT_VERSION = 5.0;
				TARGETED_DEVICE_FAMILY = "1,2";
				TEST_TARGET_NAME = MovieCollection;
			};
			name = Release;
		};
/* End XCBuildConfiguration section */

/* Begin XCConfigurationList section */
		EA8961F82CB894A7000E4F15 /* Build configuration list for PBXProject "MovieCollection" */ = {
			isa = XCConfigurationList;
			buildConfigurations = (
				EA89621F2CB894A9000E4F15 /* Debug */,
				EA8962202CB894A9000E4F15 /* Release */,
			);
			defaultConfigurationIsVisible = 0;
			defaultConfigurationName = Release;
		};
		EA8962212CB894A9000E4F15 /* Build configuration list for PBXNativeTarget "MovieCollection" */ = {
			isa = XCConfigurationList;
			buildConfigurations = (
				EA8962222CB894A9000E4F15 /* Debug */,
				EA8962232CB894A9000E4F15 /* Release */,
			);
			defaultConfigurationIsVisible = 0;
			defaultConfigurationName = Release;
		};
		EA8962242CB894A9000E4F15 /* Build configuration list for PBXNativeTarget "MovieCollectionTests" */ = {
			isa = XCConfigurationList;
			buildConfigurations = (
				EA8962252CB894A9000E4F15 /* Debug */,
				EA8962262CB894A9000E4F15 /* Release */,
			);
			defaultConfigurationIsVisible = 0;
			defaultConfigurationName = Release;
		};
		EA8962272CB894A9000E4F15 /* Build configuration list for PBXNativeTarget "MovieCollectionUITests" */ = {
			isa = XCConfigurationList;
			buildConfigurations = (
				EA8962282CB894A9000E4F15 /* Debug */,
				EA8962292CB894A9000E4F15 /* Release */,
			);
			defaultConfigurationIsVisible = 0;
			defaultConfigurationName = Release;
		};
/* End XCConfigurationList section */
	};
	rootObject = EA8961F52CB894A7000E4F15 /* Project object */;
}
